
Microsoft Visual Studio Solution File, Format Version 12.00
# Visual Studio Version 17
VisualStudioVersion = 17.4.33205.214
MinimumVisualStudioVersion = 10.0.40219.1
Project("{9A19103F-16F7-4668-BE54-9A1E7A4F7556}") = "Lab01", "Lab01\Lab01.csproj", "{1E729B8E-3A22-431A-9039-4369194F7FC7}"
EndProject
Project("{9A19103F-16F7-4668-BE54-9A1E7A4F7556}") = "Lab02", "Lab02\Lab02.csproj", "{DAC85108-6631-40A9-8B62-6E685EDE8AE3}"
EndProject
Project("{9A19103F-16F7-4668-BE54-9A1E7A4F7556}") = "ProgressBar", "ProgressBar\ProgressBar.csproj", "{975577EF-34AF-483D-9006-B80EF4F78D0B}"
EndProject
Project("{9A19103F-16F7-4668-BE54-9A1E7A4F7556}") = "ToolTip", "ToolTip\ToolTip.csproj", "{BECBCB0D-6C6A-448F-941E-5B9D81154D4A}"
EndProject
Project("{FAE04EC0-301F-11D3-BF4B-00C04F79EFBC}") = "UserControlDemo", "UserControlDemo\UserControlDemo.csproj", "{A5EF4621-523C-418A-A9CB-6A878E4FAA68}"
EndProject
Project("{FAE04EC0-301F-11D3-BF4B-00C04F79EFBC}") = "UserControlDemo2", "UserControlDemo2\UserControlDemo2.csproj", "{E4746A22-5FB8-4A90-9A70-C70BFAF0D4C8}"
EndProject
Project("{FAE04EC0-301F-11D3-BF4B-00C04F79EFBC}") = "Menu", "Menu\Menu.csproj", "{366B1089-1D1D-4F4B-8611-15F83BD25D12}"
EndProject
Project("{FAE04EC0-301F-11D3-BF4B-00C04F79EFBC}") = "TabControlDemo", "TabControlDemo\TabControlDemo.csproj", "{750640CD-1313-4A60-9925-0C3CDEDDFBF7}"
EndProject
Global
	GlobalSection(SolutionConfigurationPlatforms) = preSolution
		Debug|Any CPU = Debug|Any CPU
		Release|Any CPU = Release|Any CPU
	EndGlobalSection
	GlobalSection(ProjectConfigurationPlatforms) = postSolution
		{1E729B8E-3A22-431A-9039-4369194F7FC7}.Debug|Any CPU.ActiveCfg = Debug|Any CPU
		{1E729B8E-3A22-431A-9039-4369194F7FC7}.Debug|Any CPU.Build.0 = Debug|Any CPU
		{1E729B8E-3A22-431A-9039-4369194F7FC7}.Release|Any CPU.ActiveCfg = Release|Any CPU
		{1E729B8E-3A22-431A-9039-4369194F7FC7}.Release|Any CPU.Build.0 = Release|Any CPU
		{DAC85108-6631-40A9-8B62-6E685EDE8AE3}.Debug|Any CPU.ActiveCfg = Debug|Any CPU
		{DAC85108-6631-40A9-8B62-6E685EDE8AE3}.Debug|Any CPU.Build.0 = Debug|Any CPU
		{DAC85108-6631-40A9-8B62-6E685EDE8AE3}.Release|Any CPU.ActiveCfg = Release|Any CPU
		{DAC85108-6631-40A9-8B62-6E685EDE8AE3}.Release|Any CPU.Build.0 = Release|Any CPU
		{975577EF-34AF-483D-9006-B80EF4F78D0B}.Debug|Any CPU.ActiveCfg = Debug|Any CPU
		{975577EF-34AF-483D-9006-B80EF4F78D0B}.Debug|Any CPU.Build.0 = Debug|Any CPU
		{975577EF-34AF-483D-9006-B80EF4F78D0B}.Release|Any CPU.ActiveCfg = Release|Any CPU
		{975577EF-34AF-483D-9006-B80EF4F78D0B}.Release|Any CPU.Build.0 = Release|Any CPU
		{BECBCB0D-6C6A-448F-941E-5B9D81154D4A}.Debug|Any CPU.ActiveCfg = Debug|Any CPU
		{BECBCB0D-6C6A-448F-941E-5B9D81154D4A}.Debug|Any CPU.Build.0 = Debug|Any CPU
		{BECBCB0D-6C6A-448F-941E-5B9D81154D4A}.Release|Any CPU.ActiveCfg = Release|Any CPU
		{BECBCB0D-6C6A-448F-941E-5B9D81154D4A}.Release|Any CPU.Build.0 = Release|Any CPU
		{A5EF4621-523C-418A-A9CB-6A878E4FAA68}.Debug|Any CPU.ActiveCfg = Debug|Any CPU
		{A5EF4621-523C-418A-A9CB-6A878E4FAA68}.Debug|Any CPU.Build.0 = Debug|Any CPU
		{A5EF4621-523C-418A-A9CB-6A878E4FAA68}.Release|Any CPU.ActiveCfg = Release|Any CPU
		{A5EF4621-523C-418A-A9CB-6A878E4FAA68}.Release|Any CPU.Build.0 = Release|Any CPU
		{E4746A22-5FB8-4A90-9A70-C70BFAF0D4C8}.Debug|Any CPU.ActiveCfg = Debug|Any CPU
		{E4746A22-5FB8-4A90-9A70-C70BFAF0D4C8}.Debug|Any CPU.Build.0 = Debug|Any CPU
		{E4746A22-5FB8-4A90-9A70-C70BFAF0D4C8}.Release|Any CPU.ActiveCfg = Release|Any CPU
		{E4746A22-5FB8-4A90-9A70-C70BFAF0D4C8}.Release|Any CPU.Build.0 = Release|Any CPU
		{366B1089-1D1D-4F4B-8611-15F83BD25D12}.Debug|Any CPU.ActiveCfg = Debug|Any CPU
		{366B1089-1D1D-4F4B-8611-15F83BD25D12}.Debug|Any CPU.Build.0 = Debug|Any CPU
		{366B1089-1D1D-4F4B-8611-15F83BD25D12}.Release|Any CPU.ActiveCfg = Release|Any CPU
		{366B1089-1D1D-4F4B-8611-15F83BD25D12}.Release|Any CPU.Build.0 = Release|Any CPU
		{750640CD-1313-4A60-9925-0C3CDEDDFBF7}.Debug|Any CPU.ActiveCfg = Debug|Any CPU
		{750640CD-1313-4A60-9925-0C3CDEDDFBF7}.Debug|Any CPU.Build.0 = Debug|Any CPU
		{750640CD-1313-4A60-9925-0C3CDEDDFBF7}.Release|Any CPU.ActiveCfg = Release|Any CPU
		{750640CD-1313-4A60-9925-0C3CDEDDFBF7}.Release|Any CPU.Build.0 = Release|Any CPU
	EndGlobalSection
	GlobalSection(SolutionProperties) = preSolution
		HideSolutionNode = FALSE
	EndGlobalSection
	GlobalSection(ExtensibilityGlobals) = postSolution
		SolutionGuid = {75322233-AA13-4C0A-978C-5645B7FE8D56}
	EndGlobalSection
EndGlobal
