
Microsoft Visual Studio Solution File, Format Version 12.00
# Visual Studio Version 17
VisualStudioVersion = 17.4.33205.214
MinimumVisualStudioVersion = 10.0.40219.1
Project("{9A19103F-16F7-4668-BE54-9A1E7A4F7556}") = "Lab01", "Lab01\Lab01.csproj", "{1E729B8E-3A22-431A-9039-4369194F7FC7}"
EndProject
Project("{9A19103F-16F7-4668-BE54-9A1E7A4F7556}") = "Lab02", "Lab02\Lab02.csproj", "{DAC85108-6631-40A9-8B62-6E685EDE8AE3}"
EndProject
Project("{FAE04EC0-301F-11D3-BF4B-00C04F79EFBC}") = "ProgressBar", "ProgressBar\ProgressBar.csproj", "{975577EF-34AF-483D-9006-B80EF4F78D0B}"
EndProject
Global
	GlobalSection(SolutionConfigurationPlatforms) = preSolution
		Debug|Any CPU = Debug|Any CPU
		Release|Any CPU = Release|Any CPU
	EndGlobalSection
	GlobalSection(ProjectConfigurationPlatforms) = postSolution
		{1E729B8E-3A22-431A-9039-4369194F7FC7}.Debug|Any CPU.ActiveCfg = Debug|Any CPU
		{1E729B8E-3A22-431A-9039-4369194F7FC7}.Debug|Any CPU.Build.0 = Debug|Any CPU
		{1E729B8E-3A22-431A-9039-4369194F7FC7}.Release|Any CPU.ActiveCfg = Release|Any CPU
		{1E729B8E-3A22-431A-9039-4369194F7FC7}.Release|Any CPU.Build.0 = Release|Any CPU
		{DAC85108-6631-40A9-8B62-6E685EDE8AE3}.Debug|Any CPU.ActiveCfg = Debug|Any CPU
		{DAC85108-6631-40A9-8B62-6E685EDE8AE3}.Debug|Any CPU.Build.0 = Debug|Any CPU
		{DAC85108-6631-40A9-8B62-6E685EDE8AE3}.Release|Any CPU.ActiveCfg = Release|Any CPU
		{DAC85108-6631-40A9-8B62-6E685EDE8AE3}.Release|Any CPU.Build.0 = Release|Any CPU
		{975577EF-34AF-483D-9006-B80EF4F78D0B}.Debug|Any CPU.ActiveCfg = Debug|Any CPU
		{975577EF-34AF-483D-9006-B80EF4F78D0B}.Debug|Any CPU.Build.0 = Debug|Any CPU
		{975577EF-34AF-483D-9006-B80EF4F78D0B}.Release|Any CPU.ActiveCfg = Release|Any CPU
		{975577EF-34AF-483D-9006-B80EF4F78D0B}.Release|Any CPU.Build.0 = Release|Any CPU
	EndGlobalSection
	GlobalSection(SolutionProperties) = preSolution
		HideSolutionNode = FALSE
	EndGlobalSection
	GlobalSection(ExtensibilityGlobals) = postSolution
		SolutionGuid = {75322233-AA13-4C0A-978C-5645B7FE8D56}
	EndGlobalSection
EndGlobal
